
Microsoft Visual Studio Solution File, Format Version 12.00
# Visual Studio Version 17
VisualStudioVersion = 17.0.31903.59
MinimumVisualStudioVersion = 10.0.40219.1
Project("{FAE04EC0-301F-11D3-BF4B-00C04F79EFBC}") = "EntryPoint", "EntryPoint\EntryPoint.csproj", "{EBFD51FA-9FEA-4DA4-A846-6ED5ED194B2F}"
EndProject
Project("{FAE04EC0-301F-11D3-BF4B-00C04F79EFBC}") = "LibraryA", "LibraryA\LibraryA.csproj", "{4FCD8E52-E2EA-48D8-A32C-37528E60274D}"
EndProject
Project("{FAE04EC0-301F-11D3-BF4B-00C04F79EFBC}") = "LibraryB", "LibraryB\LibraryB.csproj", "{A2465C3B-352F-4192-8BCA-85E94E86AEB9}"
EndProject
Global
	GlobalSection(SolutionConfigurationPlatforms) = preSolution
		Debug|Any CPU = Debug|Any CPU
		Release|Any CPU = Release|Any CPU
	EndGlobalSection
	GlobalSection(SolutionProperties) = preSolution
		HideSolutionNode = FALSE
	EndGlobalSection
	GlobalSection(ProjectConfigurationPlatforms) = postSolution
		{EBFD51FA-9FEA-4DA4-A846-6ED5ED194B2F}.Debug|Any CPU.ActiveCfg = Debug|Any CPU
		{EBFD51FA-9FEA-4DA4-A846-6ED5ED194B2F}.Debug|Any CPU.Build.0 = Debug|Any CPU
		{EBFD51FA-9FEA-4DA4-A846-6ED5ED194B2F}.Release|Any CPU.ActiveCfg = Release|Any CPU
		{EBFD51FA-9FEA-4DA4-A846-6ED5ED194B2F}.Release|Any CPU.Build.0 = Release|Any CPU
		{4FCD8E52-E2EA-48D8-A32C-37528E60274D}.Debug|Any CPU.ActiveCfg = Debug|Any CPU
		{4FCD8E52-E2EA-48D8-A32C-37528E60274D}.Debug|Any CPU.Build.0 = Debug|Any CPU
		{4FCD8E52-E2EA-48D8-A32C-37528E60274D}.Release|Any CPU.ActiveCfg = Release|Any CPU
		{4FCD8E52-E2EA-48D8-A32C-37528E60274D}.Release|Any CPU.Build.0 = Release|Any CPU
		{A2465C3B-352F-4192-8BCA-85E94E86AEB9}.Debug|Any CPU.ActiveCfg = Debug|Any CPU
		{A2465C3B-352F-4192-8BCA-85E94E86AEB9}.Debug|Any CPU.Build.0 = Debug|Any CPU
		{A2465C3B-352F-4192-8BCA-85E94E86AEB9}.Release|Any CPU.ActiveCfg = Release|Any CPU
		{A2465C3B-352F-4192-8BCA-85E94E86AEB9}.Release|Any CPU.Build.0 = Release|Any CPU
	EndGlobalSection
EndGlobal
