
Microsoft Visual Studio Solution File, Format Version 12.00
# Visual Studio Version 17
VisualStudioVersion = 17.1.32228.430
MinimumVisualStudioVersion = 10.0.40219.1
Project("{FAE04EC0-301F-11D3-BF4B-00C04F79EFBC}") = "DemoSolution.DemoProject1", "DemoSolution.DemoProject1\DemoSolution.DemoProject1.csproj", "{7E5196C3-33EB-4414-8289-1437EBAAC5AB}"
EndProject
Project("{FAE04EC0-301F-11D3-BF4B-00C04F79EFBC}") = "DemoSolution.DemoProject2", "DemoSolution.DemoProject2\DemoSolution.DemoProject2.csproj", "{2378794F-E814-4B2B-91C0-7FFE41C1A2B1}"
EndProject
Global
	GlobalSection(SolutionConfigurationPlatforms) = preSolution
		Debug|Any CPU = Debug|Any CPU
		Release|Any CPU = Release|Any CPU
	EndGlobalSection
	GlobalSection(ProjectConfigurationPlatforms) = postSolution
		{7E5196C3-33EB-4414-8289-1437EBAAC5AB}.Debug|Any CPU.ActiveCfg = Debug|Any CPU
		{7E5196C3-33EB-4414-8289-1437EBAAC5AB}.Debug|Any CPU.Build.0 = Debug|Any CPU
		{7E5196C3-33EB-4414-8289-1437EBAAC5AB}.Release|Any CPU.ActiveCfg = Release|Any CPU
		{7E5196C3-33EB-4414-8289-1437EBAAC5AB}.Release|Any CPU.Build.0 = Release|Any CPU
		{2378794F-E814-4B2B-91C0-7FFE41C1A2B1}.Debug|Any CPU.ActiveCfg = Debug|Any CPU
		{2378794F-E814-4B2B-91C0-7FFE41C1A2B1}.Debug|Any CPU.Build.0 = Debug|Any CPU
		{2378794F-E814-4B2B-91C0-7FFE41C1A2B1}.Release|Any CPU.ActiveCfg = Release|Any CPU
		{2378794F-E814-4B2B-91C0-7FFE41C1A2B1}.Release|Any CPU.Build.0 = Release|Any CPU
	EndGlobalSection
	GlobalSection(SolutionProperties) = preSolution
		HideSolutionNode = FALSE
	EndGlobalSection
	GlobalSection(ExtensibilityGlobals) = postSolution
		SolutionGuid = {D58EC23D-FF84-4825-AC3E-78F9B787C0AC}
	EndGlobalSection
EndGlobal
